
Microsoft Visual Studio Solution File, Format Version 12.00
# Visual Studio Version 17
VisualStudioVersion = 17.0.32112.339
MinimumVisualStudioVersion = 10.0.40219.1
Project("{9A19103F-16F7-4668-BE54-9A1E7A4F7556}") = "TOB.Identity.Domain", "TOB.Identity.Domain\TOB.Identity.Domain.csproj", "{0701DD70-B470-4703-B29A-7ED714E5485F}"
EndProject
Project("{9A19103F-16F7-4668-BE54-9A1E7A4F7556}") = "TOB.Identity.Services", "TOB.Identity.Services\TOB.Identity.Services.csproj", "{9640D737-07B2-4EE6-AEC2-46942E6EB4B3}"
EndProject
Project("{9A19103F-16F7-4668-BE54-9A1E7A4F7556}") = "TOB.Identity.Infrastructure", "TOB.Identity.Infrastructure\TOB.Identity.Infrastructure.csproj", "{28458B0D-0EAC-4430-A2E8-F56514E61BA6}"
EndProject
Project("{9A19103F-16F7-4668-BE54-9A1E7A4F7556}") = "TOB.Identity.API", "TOB.Identity.API\TOB.Identity.API.csproj", "{73B66B15-54F1-4853-8524-E020B69E11C4}"
EndProject
Project("{FAE04EC0-301F-11D3-BF4B-00C04F79EFBC}") = "TOB.Identity.Domain.Test", "TOB.Identity.Domain.Test\TOB.Identity.Domain.Test.csproj", "{DF0E108B-7D0D-42CC-B32D-78B08F6BF144}"
EndProject
Project("{FAE04EC0-301F-11D3-BF4B-00C04F79EFBC}") = "TOB.Identity.Services.Test", "TOB.Identity.Services.Test\TOB.Identity.Services.Test.csproj", "{4D9DC42E-7453-4662-B92A-014AAAFD916E}"
EndProject
Project("{FAE04EC0-301F-11D3-BF4B-00C04F79EFBC}") = "TOB.Identity.Infrastructure.Test", "TOB.Identity.Infrastructure.Test\TOB.Identity.Infrastructure.Test.csproj", "{12AD2F94-0578-419D-B951-B4C5E395A58A}"
EndProject
Project("{FAE04EC0-301F-11D3-BF4B-00C04F79EFBC}") = "TOB.Identity.API.Test", "TOB.Identity.API.Test\TOB.Identity.API.Test.csproj", "{E5DC6747-5AAC-434F-A4D5-6B6795F4CFFC}"
EndProject
Global
	GlobalSection(SolutionConfigurationPlatforms) = preSolution
		Debug|Any CPU = Debug|Any CPU
		Debug|x64 = Debug|x64
		Debug|x86 = Debug|x86
		Release|Any CPU = Release|Any CPU
		Release|x64 = Release|x64
		Release|x86 = Release|x86
	EndGlobalSection
	GlobalSection(ProjectConfigurationPlatforms) = postSolution
		{0701DD70-B470-4703-B29A-7ED714E5485F}.Debug|Any CPU.ActiveCfg = Debug|Any CPU
		{0701DD70-B470-4703-B29A-7ED714E5485F}.Debug|Any CPU.Build.0 = Debug|Any CPU
		{0701DD70-B470-4703-B29A-7ED714E5485F}.Debug|x64.ActiveCfg = Debug|Any CPU
		{0701DD70-B470-4703-B29A-7ED714E5485F}.Debug|x64.Build.0 = Debug|Any CPU
		{0701DD70-B470-4703-B29A-7ED714E5485F}.Debug|x86.ActiveCfg = Debug|Any CPU
		{0701DD70-B470-4703-B29A-7ED714E5485F}.Debug|x86.Build.0 = Debug|Any CPU
		{0701DD70-B470-4703-B29A-7ED714E5485F}.Release|Any CPU.ActiveCfg = Release|Any CPU
		{0701DD70-B470-4703-B29A-7ED714E5485F}.Release|Any CPU.Build.0 = Release|Any CPU
		{0701DD70-B470-4703-B29A-7ED714E5485F}.Release|x64.ActiveCfg = Release|Any CPU
		{0701DD70-B470-4703-B29A-7ED714E5485F}.Release|x64.Build.0 = Release|Any CPU
		{0701DD70-B470-4703-B29A-7ED714E5485F}.Release|x86.ActiveCfg = Release|Any CPU
		{0701DD70-B470-4703-B29A-7ED714E5485F}.Release|x86.Build.0 = Release|Any CPU
		{9640D737-07B2-4EE6-AEC2-46942E6EB4B3}.Debug|Any CPU.ActiveCfg = Debug|Any CPU
		{9640D737-07B2-4EE6-AEC2-46942E6EB4B3}.Debug|Any CPU.Build.0 = Debug|Any CPU
		{9640D737-07B2-4EE6-AEC2-46942E6EB4B3}.Debug|x64.ActiveCfg = Debug|Any CPU
		{9640D737-07B2-4EE6-AEC2-46942E6EB4B3}.Debug|x64.Build.0 = Debug|Any CPU
		{9640D737-07B2-4EE6-AEC2-46942E6EB4B3}.Debug|x86.ActiveCfg = Debug|Any CPU
		{9640D737-07B2-4EE6-AEC2-46942E6EB4B3}.Debug|x86.Build.0 = Debug|Any CPU
		{9640D737-07B2-4EE6-AEC2-46942E6EB4B3}.Release|Any CPU.ActiveCfg = Release|Any CPU
		{9640D737-07B2-4EE6-AEC2-46942E6EB4B3}.Release|Any CPU.Build.0 = Release|Any CPU
		{9640D737-07B2-4EE6-AEC2-46942E6EB4B3}.Release|x64.ActiveCfg = Release|Any CPU
		{9640D737-07B2-4EE6-AEC2-46942E6EB4B3}.Release|x64.Build.0 = Release|Any CPU
		{9640D737-07B2-4EE6-AEC2-46942E6EB4B3}.Release|x86.ActiveCfg = Release|Any CPU
		{9640D737-07B2-4EE6-AEC2-46942E6EB4B3}.Release|x86.Build.0 = Release|Any CPU
		{28458B0D-0EAC-4430-A2E8-F56514E61BA6}.Debug|Any CPU.ActiveCfg = Debug|Any CPU
		{28458B0D-0EAC-4430-A2E8-F56514E61BA6}.Debug|Any CPU.Build.0 = Debug|Any CPU
		{28458B0D-0EAC-4430-A2E8-F56514E61BA6}.Debug|x64.ActiveCfg = Debug|Any CPU
		{28458B0D-0EAC-4430-A2E8-F56514E61BA6}.Debug|x64.Build.0 = Debug|Any CPU
		{28458B0D-0EAC-4430-A2E8-F56514E61BA6}.Debug|x86.ActiveCfg = Debug|Any CPU
		{28458B0D-0EAC-4430-A2E8-F56514E61BA6}.Debug|x86.Build.0 = Debug|Any CPU
		{28458B0D-0EAC-4430-A2E8-F56514E61BA6}.Release|Any CPU.ActiveCfg = Release|Any CPU
		{28458B0D-0EAC-4430-A2E8-F56514E61BA6}.Release|Any CPU.Build.0 = Release|Any CPU
		{28458B0D-0EAC-4430-A2E8-F56514E61BA6}.Release|x64.ActiveCfg = Release|Any CPU
		{28458B0D-0EAC-4430-A2E8-F56514E61BA6}.Release|x64.Build.0 = Release|Any CPU
		{28458B0D-0EAC-4430-A2E8-F56514E61BA6}.Release|x86.ActiveCfg = Release|Any CPU
		{28458B0D-0EAC-4430-A2E8-F56514E61BA6}.Release|x86.Build.0 = Release|Any CPU
		{73B66B15-54F1-4853-8524-E020B69E11C4}.Debug|Any CPU.ActiveCfg = Debug|Any CPU
		{73B66B15-54F1-4853-8524-E020B69E11C4}.Debug|Any CPU.Build.0 = Debug|Any CPU
		{73B66B15-54F1-4853-8524-E020B69E11C4}.Debug|x64.ActiveCfg = Debug|Any CPU
		{73B66B15-54F1-4853-8524-E020B69E11C4}.Debug|x64.Build.0 = Debug|Any CPU
		{73B66B15-54F1-4853-8524-E020B69E11C4}.Debug|x86.ActiveCfg = Debug|Any CPU
		{73B66B15-54F1-4853-8524-E020B69E11C4}.Debug|x86.Build.0 = Debug|Any CPU
		{73B66B15-54F1-4853-8524-E020B69E11C4}.Release|Any CPU.ActiveCfg = Release|Any CPU
		{73B66B15-54F1-4853-8524-E020B69E11C4}.Release|Any CPU.Build.0 = Release|Any CPU
		{73B66B15-54F1-4853-8524-E020B69E11C4}.Release|x64.ActiveCfg = Release|Any CPU
		{73B66B15-54F1-4853-8524-E020B69E11C4}.Release|x64.Build.0 = Release|Any CPU
		{73B66B15-54F1-4853-8524-E020B69E11C4}.Release|x86.ActiveCfg = Release|Any CPU
		{73B66B15-54F1-4853-8524-E020B69E11C4}.Release|x86.Build.0 = Release|Any CPU
		{DF0E108B-7D0D-42CC-B32D-78B08F6BF144}.Debug|Any CPU.ActiveCfg = Debug|Any CPU
		{DF0E108B-7D0D-42CC-B32D-78B08F6BF144}.Debug|Any CPU.Build.0 = Debug|Any CPU
		{DF0E108B-7D0D-42CC-B32D-78B08F6BF144}.Debug|x64.ActiveCfg = Debug|Any CPU
		{DF0E108B-7D0D-42CC-B32D-78B08F6BF144}.Debug|x64.Build.0 = Debug|Any CPU
		{DF0E108B-7D0D-42CC-B32D-78B08F6BF144}.Debug|x86.ActiveCfg = Debug|Any CPU
		{DF0E108B-7D0D-42CC-B32D-78B08F6BF144}.Debug|x86.Build.0 = Debug|Any CPU
		{DF0E108B-7D0D-42CC-B32D-78B08F6BF144}.Release|Any CPU.ActiveCfg = Release|Any CPU
		{DF0E108B-7D0D-42CC-B32D-78B08F6BF144}.Release|Any CPU.Build.0 = Release|Any CPU
		{DF0E108B-7D0D-42CC-B32D-78B08F6BF144}.Release|x64.ActiveCfg = Release|Any CPU
		{DF0E108B-7D0D-42CC-B32D-78B08F6BF144}.Release|x64.Build.0 = Release|Any CPU
		{DF0E108B-7D0D-42CC-B32D-78B08F6BF144}.Release|x86.ActiveCfg = Release|Any CPU
		{DF0E108B-7D0D-42CC-B32D-78B08F6BF144}.Release|x86.Build.0 = Release|Any CPU
		{4D9DC42E-7453-4662-B92A-014AAAFD916E}.Debug|Any CPU.ActiveCfg = Debug|Any CPU
		{4D9DC42E-7453-4662-B92A-014AAAFD916E}.Debug|Any CPU.Build.0 = Debug|Any CPU
		{4D9DC42E-7453-4662-B92A-014AAAFD916E}.Debug|x64.ActiveCfg = Debug|Any CPU
		{4D9DC42E-7453-4662-B92A-014AAAFD916E}.Debug|x64.Build.0 = Debug|Any CPU
		{4D9DC42E-7453-4662-B92A-014AAAFD916E}.Debug|x86.ActiveCfg = Debug|Any CPU
		{4D9DC42E-7453-4662-B92A-014AAAFD916E}.Debug|x86.Build.0 = Debug|Any CPU
		{4D9DC42E-7453-4662-B92A-014AAAFD916E}.Release|Any CPU.ActiveCfg = Release|Any CPU
		{4D9DC42E-7453-4662-B92A-014AAAFD916E}.Release|Any CPU.Build.0 = Release|Any CPU
		{4D9DC42E-7453-4662-B92A-014AAAFD916E}.Release|x64.ActiveCfg = Release|Any CPU
		{4D9DC42E-7453-4662-B92A-014AAAFD916E}.Release|x64.Build.0 = Release|Any CPU
		{4D9DC42E-7453-4662-B92A-014AAAFD916E}.Release|x86.ActiveCfg = Release|Any CPU
		{4D9DC42E-7453-4662-B92A-014AAAFD916E}.Release|x86.Build.0 = Release|Any CPU
		{12AD2F94-0578-419D-B951-B4C5E395A58A}.Debug|Any CPU.ActiveCfg = Debug|Any CPU
		{12AD2F94-0578-419D-B951-B4C5E395A58A}.Debug|Any CPU.Build.0 = Debug|Any CPU
		{12AD2F94-0578-419D-B951-B4C5E395A58A}.Debug|x64.ActiveCfg = Debug|Any CPU
		{12AD2F94-0578-419D-B951-B4C5E395A58A}.Debug|x64.Build.0 = Debug|Any CPU
		{12AD2F94-0578-419D-B951-B4C5E395A58A}.Debug|x86.ActiveCfg = Debug|Any CPU
		{12AD2F94-0578-419D-B951-B4C5E395A58A}.Debug|x86.Build.0 = Debug|Any CPU
		{12AD2F94-0578-419D-B951-B4C5E395A58A}.Release|Any CPU.ActiveCfg = Release|Any CPU
		{12AD2F94-0578-419D-B951-B4C5E395A58A}.Release|Any CPU.Build.0 = Release|Any CPU
		{12AD2F94-0578-419D-B951-B4C5E395A58A}.Release|x64.ActiveCfg = Release|Any CPU
		{12AD2F94-0578-419D-B951-B4C5E395A58A}.Release|x64.Build.0 = Release|Any CPU
		{12AD2F94-0578-419D-B951-B4C5E395A58A}.Release|x86.ActiveCfg = Release|Any CPU
		{12AD2F94-0578-419D-B951-B4C5E395A58A}.Release|x86.Build.0 = Release|Any CPU
		{E5DC6747-5AAC-434F-A4D5-6B6795F4CFFC}.Debug|Any CPU.ActiveCfg = Debug|Any CPU
		{E5DC6747-5AAC-434F-A4D5-6B6795F4CFFC}.Debug|Any CPU.Build.0 = Debug|Any CPU
		{E5DC6747-5AAC-434F-A4D5-6B6795F4CFFC}.Debug|x64.ActiveCfg = Debug|Any CPU
		{E5DC6747-5AAC-434F-A4D5-6B6795F4CFFC}.Debug|x64.Build.0 = Debug|Any CPU
		{E5DC6747-5AAC-434F-A4D5-6B6795F4CFFC}.Debug|x86.ActiveCfg = Debug|Any CPU
		{E5DC6747-5AAC-434F-A4D5-6B6795F4CFFC}.Debug|x86.Build.0 = Debug|Any CPU
		{E5DC6747-5AAC-434F-A4D5-6B6795F4CFFC}.Release|Any CPU.ActiveCfg = Release|Any CPU
		{E5DC6747-5AAC-434F-A4D5-6B6795F4CFFC}.Release|Any CPU.Build.0 = Release|Any CPU
		{E5DC6747-5AAC-434F-A4D5-6B6795F4CFFC}.Release|x64.ActiveCfg = Release|Any CPU
		{E5DC6747-5AAC-434F-A4D5-6B6795F4CFFC}.Release|x64.Build.0 = Release|Any CPU
		{E5DC6747-5AAC-434F-A4D5-6B6795F4CFFC}.Release|x86.ActiveCfg = Release|Any CPU
		{E5DC6747-5AAC-434F-A4D5-6B6795F4CFFC}.Release|x86.Build.0 = Release|Any CPU
	EndGlobalSection
	GlobalSection(SolutionProperties) = preSolution
		HideSolutionNode = FALSE
	EndGlobalSection
	GlobalSection(ExtensibilityGlobals) = postSolution
		SolutionGuid = {701DFF57-E4EC-4EE0-9496-16C4C4ADB82A}
	EndGlobalSection
	GlobalSection(MonoDevelopProperties) = preSolution
		Policies = $0
		$0.DotNetNamingPolicy = $1
		$1.DirectoryNamespaceAssociation = PrefixedHierarchical
		$0.VersionControlPolicy = $2
	EndGlobalSection
EndGlobal
